
Microsoft Visual Studio Solution File, Format Version 10.00
# Visual Studio 2008
Project("{8BC9CEB8-8B4A-11D0-8D11-00A0C91BC942}") = "080611_track_using_hough", "080611_track_using_hough\080611_track_using_hough.vcproj", "{369E4E04-60A7-4FBA-9BA0-20F688893B65}"
EndProject
Global
	GlobalSection(SolutionConfigurationPlatforms) = preSolution
		Debug|Win32 = Debug|Win32
		Release|Win32 = Release|Win32
	EndGlobalSection
	GlobalSection(ProjectConfigurationPlatforms) = postSolution
		{369E4E04-60A7-4FBA-9BA0-20F688893B65}.Debug|Win32.ActiveCfg = Debug|Win32
		{369E4E04-60A7-4FBA-9BA0-20F688893B65}.Debug|Win32.Build.0 = Debug|Win32
		{369E4E04-60A7-4FBA-9BA0-20F688893B65}.Release|Win32.ActiveCfg = Release|Win32
		{369E4E04-60A7-4FBA-9BA0-20F688893B65}.Release|Win32.Build.0 = Release|Win32
	EndGlobalSection
	GlobalSection(SolutionProperties) = preSolution
		HideSolutionNode = FALSE
	EndGlobalSection
EndGlobal
